// !$*UTF8*$!
{
	archiveVersion = 1;
	classes = {
	};
	objectVersion = 50;
	objects = {

/* Begin PBXBuildFile section */
		AA161ED7255B06290047223D /* AppDelegate.swift in Sources */ = {isa = PBXBuildFile; fileRef = AA161ED6255B06290047223D /* AppDelegate.swift */; };
		AA161ED9255B06290047223D /* SceneDelegate.swift in Sources */ = {isa = PBXBuildFile; fileRef = AA161ED8255B06290047223D /* SceneDelegate.swift */; };
		AA161EDB255B06290047223D /* ViewController.swift in Sources */ = {isa = PBXBuildFile; fileRef = AA161EDA255B06290047223D /* ViewController.swift */; };
		AA161EDE255B06290047223D /* Main.storyboard in Resources */ = {isa = PBXBuildFile; fileRef = AA161EDC255B06290047223D /* Main.storyboard */; };
		AA161EE0255B062C0047223D /* Assets.xcassets in Resources */ = {isa = PBXBuildFile; fileRef = AA161EDF255B062C0047223D /* Assets.xcassets */; };
		AA161EE3255B062C0047223D /* LaunchScreen.storyboard in Resources */ = {isa = PBXBuildFile; fileRef = AA161EE1255B062C0047223D /* LaunchScreen.storyboard */; };
		AA161EED255B07920047223D /* Validator.swift in Sources */ = {isa = PBXBuildFile; fileRef = AA161EEC255B07920047223D /* Validator.swift */; };
		AA161EF0255B07E20047223D /* Reglas.swift in Sources */ = {isa = PBXBuildFile; fileRef = AA161EEF255B07E20047223D /* Reglas.swift */; };
/* End PBXBuildFile section */

/* Begin PBXFileReference section */
		AA161ED3255B06290047223D /* Validaciones.app */ = {isa = PBXFileReference; explicitFileType = wrapper.application; includeInIndex = 0; path = Validaciones.app; sourceTree = BUILT_PRODUCTS_DIR; };
		AA161ED6255B06290047223D /* AppDelegate.swift */ = {isa = PBXFileReference; lastKnownFileType = sourcecode.swift; path = AppDelegate.swift; sourceTree = "<group>"; };
		AA161ED8255B06290047223D /* SceneDelegate.swift */ = {isa = PBXFileReference; lastKnownFileType = sourcecode.swift; path = SceneDelegate.swift; sourceTree = "<group>"; };
		AA161EDA255B06290047223D /* ViewController.swift */ = {isa = PBXFileReference; lastKnownFileType = sourcecode.swift; path = ViewController.swift; sourceTree = "<group>"; };
		AA161EDD255B06290047223D /* Base */ = {isa = PBXFileReference; lastKnownFileType = file.storyboard; name = Base; path = Base.lproj/Main.storyboard; sourceTree = "<group>"; };
		AA161EDF255B062C0047223D /* Assets.xcassets */ = {isa = PBXFileReference; lastKnownFileType = folder.assetcatalog; path = Assets.xcassets; sourceTree = "<group>"; };
		AA161EE2255B062C0047223D /* Base */ = {isa = PBXFileReference; lastKnownFileType = file.storyboard; name = Base; path = Base.lproj/LaunchScreen.storyboard; sourceTree = "<group>"; };
		AA161EE4255B062C0047223D /* Info.plist */ = {isa = PBXFileReference; lastKnownFileType = text.plist.xml; path = Info.plist; sourceTree = "<group>"; };
		AA161EEC255B07920047223D /* Validator.swift */ = {isa = PBXFileReference; lastKnownFileType = sourcecode.swift; path = Validator.swift; sourceTree = "<group>"; };
		AA161EEF255B07E20047223D /* Reglas.swift */ = {isa = PBXFileReference; lastKnownFileType = sourcecode.swift; path = Reglas.swift; sourceTree = "<group>"; };
/* End PBXFileReference section */

/* Begin PBXFrameworksBuildPhase section */
		AA161ED0255B06290047223D /* Frameworks */ = {
			isa = PBXFrameworksBuildPhase;
			buildActionMask = 2147483647;
			files = (
			);
			runOnlyForDeploymentPostprocessing = 0;
		};
/* End PBXFrameworksBuildPhase section */

/* Begin PBXGroup section */
		AA161ECA255B06290047223D = {
			isa = PBXGroup;
			children = (
				AA161ED5255B06290047223D /* Validaciones */,
				AA161ED4255B06290047223D /* Products */,
			);
			sourceTree = "<group>";
		};
		AA161ED4255B06290047223D /* Products */ = {
			isa = PBXGroup;
			children = (
				AA161ED3255B06290047223D /* Validaciones.app */,
			);
			name = Products;
			sourceTree = "<group>";
		};
		AA161ED5255B06290047223D /* Validaciones */ = {
			isa = PBXGroup;
			children = (
				AA161EF2255B289F0047223D /* Helpers */,
				AA161ED6255B06290047223D /* AppDelegate.swift */,
				AA161ED8255B06290047223D /* SceneDelegate.swift */,
				AA161EDA255B06290047223D /* ViewController.swift */,
				AA161EDC255B06290047223D /* Main.storyboard */,
				AA161EDF255B062C0047223D /* Assets.xcassets */,
				AA161EE1255B062C0047223D /* LaunchScreen.storyboard */,
				AA161EE4255B062C0047223D /* Info.plist */,
			);
			path = Validaciones;
			sourceTree = "<group>";
		};
		AA161EF2255B289F0047223D /* Helpers */ = {
			isa = PBXGroup;
			children = (
				AA161EEC255B07920047223D /* Validator.swift */,
				AA161EEF255B07E20047223D /* Reglas.swift */,
			);
			path = Helpers;
			sourceTree = "<group>";
		};
/* End PBXGroup section */

/* Begin PBXNativeTarget section */
		AA161ED2255B06290047223D /* Validaciones */ = {
			isa = PBXNativeTarget;
			buildConfigurationList = AA161EE7255B062C0047223D /* Build configuration list for PBXNativeTarget "Validaciones" */;
			buildPhases = (
				AA161ECF255B06290047223D /* Sources */,
				AA161ED0255B06290047223D /* Frameworks */,
				AA161ED1255B06290047223D /* Resources */,
			);
			buildRules = (
			);
			dependencies = (
			);
			name = Validaciones;
			productName = Validaciones;
			productReference = AA161ED3255B06290047223D /* Validaciones.app */;
			productType = "com.apple.product-type.application";
		};
/* End PBXNativeTarget section */

/* Begin PBXProject section */
		AA161ECB255B06290047223D /* Project object */ = {
			isa = PBXProject;
			attributes = {
				LastSwiftUpdateCheck = 1210;
				LastUpgradeCheck = 1210;
				TargetAttributes = {
					AA161ED2255B06290047223D = {
						CreatedOnToolsVersion = 12.1;
					};
				};
			};
			buildConfigurationList = AA161ECE255B06290047223D /* Build configuration list for PBXProject "Validaciones" */;
			compatibilityVersion = "Xcode 9.3";
			developmentRegion = en;
			hasScannedForEncodings = 0;
			knownRegions = (
				en,
				Base,
			);
			mainGroup = AA161ECA255B06290047223D;
			productRefGroup = AA161ED4255B06290047223D /* Products */;
			projectDirPath = "";
			projectRoot = "";
			targets = (
				AA161ED2255B06290047223D /* Validaciones */,
			);
		};
/* End PBXProject section */

/* Begin PBXResourcesBuildPhase section */
		AA161ED1255B06290047223D /* Resources */ = {
			isa = PBXResourcesBuildPhase;
			buildActionMask = 2147483647;
			files = (
				AA161EE3255B062C0047223D /* LaunchScreen.storyboard in Resources */,
				AA161EE0255B062C0047223D /* Assets.xcassets in Resources */,
				AA161EDE255B06290047223D /* Main.storyboard in Resources */,
			);
			runOnlyForDeploymentPostprocessing = 0;
		};
/* End PBXResourcesBuildPhase section */

/* Begin PBXSourcesBuildPhase section */
		AA161ECF255B06290047223D /* Sources */ = {
			isa = PBXSourcesBuildPhase;
			buildActionMask = 2147483647;
			files = (
				AA161EED255B07920047223D /* Validator.swift in Sources */,
				AA161EDB255B06290047223D /* ViewController.swift in Sources */,
				AA161ED7255B06290047223D /* AppDelegate.swift in Sources */,
				AA161ED9255B06290047223D /* SceneDelegate.swift in Sources */,
				AA161EF0255B07E20047223D /* Reglas.swift in Sources */,
			);
			runOnlyForDeploymentPostprocessing = 0;
		};
/* End PBXSourcesBuildPhase section */

/* Begin PBXVariantGroup section */
		AA161EDC255B06290047223D /* Main.storyboard */ = {
			isa = PBXVariantGroup;
			children = (
				AA161EDD255B06290047223D /* Base */,
			);
			name = Main.storyboard;
			sourceTree = "<group>";
		};
		AA161EE1255B062C0047223D /* LaunchScreen.storyboard */ = {
			isa = PBXVariantGroup;
			children = (
				AA161EE2255B062C0047223D /* Base */,
			);
			name = LaunchScreen.storyboard;
			sourceTree = "<group>";
		};
/* End PBXVariantGroup section */

/* Begin XCBuildConfiguration section */
		AA161EE5255B062C0047223D /* Debug */ = {
			isa = XCBuildConfiguration;
			buildSettings = {
				ALWAYS_SEARCH_USER_PATHS = NO;
				CLANG_ANALYZER_NONNULL = YES;
				CLANG_ANALYZER_NUMBER_OBJECT_CONVERSION = YES_AGGRESSIVE;
				CLANG_CXX_LANGUAGE_STANDARD = "gnu++14";
				CLANG_CXX_LIBRARY = "libc++";
				CLANG_ENABLE_MODULES = YES;
				CLANG_ENABLE_OBJC_ARC = YES;
				CLANG_ENABLE_OBJC_WEAK = YES;
				CLANG_WARN_BLOCK_CAPTURE_AUTORELEASING = YES;
				CLANG_WARN_BOOL_CONVERSION = YES;
				CLANG_WARN_COMMA = YES;
				CLANG_WARN_CONSTANT_CONVERSION = YES;
				CLANG_WARN_DEPRECATED_OBJC_IMPLEMENTATIONS = YES;
				CLANG_WARN_DIRECT_OBJC_ISA_USAGE = YES_ERROR;
				CLANG_WARN_DOCUMENTATION_COMMENTS = YES;
				CLANG_WARN_EMPTY_BODY = YES;
				CLANG_WARN_ENUM_CONVERSION = YES;
				CLANG_WARN_INFINITE_RECURSION = YES;
				CLANG_WARN_INT_CONVERSION = YES;
				CLANG_WARN_NON_LITERAL_NULL_CONVERSION = YES;
				CLANG_WARN_OBJC_IMPLICIT_RETAIN_SELF = YES;
				CLANG_WARN_OBJC_LITERAL_CONVERSION = YES;
				CLANG_WARN_OBJC_ROOT_CLASS = YES_ERROR;
				CLANG_WARN_QUOTED_INCLUDE_IN_FRAMEWORK_HEADER = YES;
				CLANG_WARN_RANGE_LOOP_ANALYSIS = YES;
				CLANG_WARN_STRICT_PROTOTYPES = YES;
				CLANG_WARN_SUSPICIOUS_MOVE = YES;
				CLANG_WARN_UNGUARDED_AVAILABILITY = YES_AGGRESSIVE;
				CLANG_WARN_UNREACHABLE_CODE = YES;
				CLANG_WARN__DUPLICATE_METHOD_MATCH = YES;
				COPY_PHASE_STRIP = NO;
				DEBUG_INFORMATION_FORMAT = dwarf;
				ENABLE_STRICT_OBJC_MSGSEND = YES;
				ENABLE_TESTABILITY = YES;
				GCC_C_LANGUAGE_STANDARD = gnu11;
				GCC_DYNAMIC_NO_PIC = NO;
				GCC_NO_COMMON_BLOCKS = YES;
				GCC_OPTIMIZATION_LEVEL = 0;
				GCC_PREPROCESSOR_DEFINITIONS = (
					"DEBUG=1",
					"$(inherited)",
				);
				GCC_WARN_64_TO_32_BIT_CONVERSION = YES;
				GCC_WARN_ABOUT_RETURN_TYPE = YES_ERROR;
				GCC_WARN_UNDECLARED_SELECTOR = YES;
				GCC_WARN_UNINITIALIZED_AUTOS = YES_AGGRESSIVE;
				GCC_WARN_UNUSED_FUNCTION = YES;
				GCC_WARN_UNUSED_VARIABLE = YES;
				IPHONEOS_DEPLOYMENT_TARGET = 14.1;
				MTL_ENABLE_DEBUG_INFO = INCLUDE_SOURCE;
				MTL_FAST_MATH = YES;
				ONLY_ACTIVE_ARCH = YES;
				SDKROOT = iphoneos;
				SWIFT_ACTIVE_COMPILATION_CONDITIONS = DEBUG;
				SWIFT_OPTIMIZATION_LEVEL = "-Onone";
			};
			name = Debug;
		};
		AA161EE6255B062C0047223D /* Release */ = {
			isa = XCBuildConfiguration;
			buildSettings = {
				ALWAYS_SEARCH_USER_PATHS = NO;
				CLANG_ANALYZER_NONNULL = YES;
				CLANG_ANALYZER_NUMBER_OBJECT_CONVERSION = YES_AGGRESSIVE;
				CLANG_CXX_LANGUAGE_STANDARD = "gnu++14";
				CLANG_CXX_LIBRARY = "libc++";
				CLANG_ENABLE_MODULES = YES;
				CLANG_ENABLE_OBJC_ARC = YES;
				CLANG_ENABLE_OBJC_WEAK = YES;
				CLANG_WARN_BLOCK_CAPTURE_AUTORELEASING = YES;
				CLANG_WARN_BOOL_CONVERSION = YES;
				CLANG_WARN_COMMA = YES;
				CLANG_WARN_CONSTANT_CONVERSION = YES;
				CLANG_WARN_DEPRECATED_OBJC_IMPLEMENTATIONS = YES;
				CLANG_WARN_DIRECT_OBJC_ISA_USAGE = YES_ERROR;
				CLANG_WARN_DOCUMENTATION_COMMENTS = YES;
				CLANG_WARN_EMPTY_BODY = YES;
				CLANG_WARN_ENUM_CONVERSION = YES;
				CLANG_WARN_INFINITE_RECURSION = YES;
				CLANG_WARN_INT_CONVERSION = YES;
				CLANG_WARN_NON_LITERAL_NULL_CONVERSION = YES;
				CLANG_WARN_OBJC_IMPLICIT_RETAIN_SELF = YES;
				CLANG_WARN_OBJC_LITERAL_CONVERSION = YES;
				CLANG_WARN_OBJC_ROOT_CLASS = YES_ERROR;
				CLANG_WARN_QUOTED_INCLUDE_IN_FRAMEWORK_HEADER = YES;
				CLANG_WARN_RANGE_LOOP_ANALYSIS = YES;
				CLANG_WARN_STRICT_PROTOTYPES = YES;
				CLANG_WARN_SUSPICIOUS_MOVE = YES;
				CLANG_WARN_UNGUARDED_AVAILABILITY = YES_AGGRESSIVE;
				CLANG_WARN_UNREACHABLE_CODE = YES;
				CLANG_WARN__DUPLICATE_METHOD_MATCH = YES;
				COPY_PHASE_STRIP = NO;
				DEBUG_INFORMATION_FORMAT = "dwarf-with-dsym";
				ENABLE_NS_ASSERTIONS = NO;
				ENABLE_STRICT_OBJC_MSGSEND = YES;
				GCC_C_LANGUAGE_STANDARD = gnu11;
				GCC_NO_COMMON_BLOCKS = YES;
				GCC_WARN_64_TO_32_BIT_CONVERSION = YES;
				GCC_WARN_ABOUT_RETURN_TYPE = YES_ERROR;
				GCC_WARN_UNDECLARED_SELECTOR = YES;
				GCC_WARN_UNINITIALIZED_AUTOS = YES_AGGRESSIVE;
				GCC_WARN_UNUSED_FUNCTION = YES;
				GCC_WARN_UNUSED_VARIABLE = YES;
				IPHONEOS_DEPLOYMENT_TARGET = 14.1;
				MTL_ENABLE_DEBUG_INFO = NO;
				MTL_FAST_MATH = YES;
				SDKROOT = iphoneos;
				SWIFT_COMPILATION_MODE = wholemodule;
				SWIFT_OPTIMIZATION_LEVEL = "-O";
				VALIDATE_PRODUCT = YES;
			};
			name = Release;
		};
		AA161EE8255B062C0047223D /* Debug */ = {
			isa = XCBuildConfiguration;
			buildSettings = {
				ASSETCATALOG_COMPILER_APPICON_NAME = AppIcon;
				ASSETCATALOG_COMPILER_GLOBAL_ACCENT_COLOR_NAME = AccentColor;
				CODE_SIGN_STYLE = Automatic;
				DEVELOPMENT_TEAM = 5933M745D6;
				INFOPLIST_FILE = Validaciones/Info.plist;
				LD_RUNPATH_SEARCH_PATHS = (
					"$(inherited)",
					"@executable_path/Frameworks",
				);
				PRODUCT_BUNDLE_IDENTIFIER = com.bancoazteca.Validaciones;
				PRODUCT_NAME = "$(TARGET_NAME)";
				SWIFT_VERSION = 5.0;
				TARGETED_DEVICE_FAMILY = 1;
			};
			name = Debug;
		};
		AA161EE9255B062C0047223D /* Release */ = {
			isa = XCBuildConfiguration;
			buildSettings = {
				ASSETCATALOG_COMPILER_APPICON_NAME = AppIcon;
				ASSETCATALOG_COMPILER_GLOBAL_ACCENT_COLOR_NAME = AccentColor;
				CODE_SIGN_STYLE = Automatic;
				DEVELOPMENT_TEAM = 5933M745D6;
				INFOPLIST_FILE = Validaciones/Info.plist;
				LD_RUNPATH_SEARCH_PATHS = (
					"$(inherited)",
					"@executable_path/Frameworks",
				);
				PRODUCT_BUNDLE_IDENTIFIER = com.bancoazteca.Validaciones;
				PRODUCT_NAME = "$(TARGET_NAME)";
				SWIFT_VERSION = 5.0;
				TARGETED_DEVICE_FAMILY = 1;
			};
			name = Release;
		};
/* End XCBuildConfiguration section */

/* Begin XCConfigurationList section */
		AA161ECE255B06290047223D /* Build configuration list for PBXProject "Validaciones" */ = {
			isa = XCConfigurationList;
			buildConfigurations = (
				AA161EE5255B062C0047223D /* Debug */,
				AA161EE6255B062C0047223D /* Release */,
			);
			defaultConfigurationIsVisible = 0;
			defaultConfigurationName = Release;
		};
		AA161EE7255B062C0047223D /* Build configuration list for PBXNativeTarget "Validaciones" */ = {
			isa = XCConfigurationList;
			buildConfigurations = (
				AA161EE8255B062C0047223D /* Debug */,
				AA161EE9255B062C0047223D /* Release */,
			);
			defaultConfigurationIsVisible = 0;
			defaultConfigurationName = Release;
		};
/* End XCConfigurationList section */
	};
	rootObject = AA161ECB255B06290047223D /* Project object */;
}
